Microsoft Visual Studio Solution File, Format Version 12.00
# Visual Studio Version 17
VisualStudioVersion = 17.5.2.0
MinimumVisualStudioVersion = 10.0.40219.1
Project("{FAE04EC0-301F-11D3-BF4B-00C04F79EFBC}") = "TicketSender", "TicketSender.csproj", "{CE4B346F-A931-3F9F-DEF9-05017F6CA190}"
EndProject
Global
	GlobalSection(SolutionConfigurationPlatforms) = preSolution
		Debug|Any CPU = Debug|Any CPU
		Release|Any CPU = Release|Any CPU
	EndGlobalSection
	GlobalSection(ProjectConfigurationPlatforms) = postSolution
		{CE4B346F-A931-3F9F-DEF9-05017F6CA190}.Debug|Any CPU.ActiveCfg = Debug|Any CPU
		{CE4B346F-A931-3F9F-DEF9-05017F6CA190}.Debug|Any CPU.Build.0 = Debug|Any CPU
		{CE4B346F-A931-3F9F-DEF9-05017F6CA190}.Release|Any CPU.ActiveCfg = Release|Any CPU
		{CE4B346F-A931-3F9F-DEF9-05017F6CA190}.Release|Any CPU.Build.0 = Release|Any CPU
	EndGlobalSection
	GlobalSection(SolutionProperties) = preSolution
		HideSolutionNode = FALSE
	EndGlobalSection
	GlobalSection(ExtensibilityGlobals) = postSolution
		SolutionGuid = {D8B47CDC-B2C2-4E73-8B1A-4144D7506DA0}
	EndGlobalSection
EndGlobal
